
Microsoft Visual Studio Solution File, Format Version 12.00
# Visual Studio Version 17
VisualStudioVersion = 17.5.33530.505
MinimumVisualStudioVersion = 10.0.40219.1
Project("{FAE04EC0-301F-11D3-BF4B-00C04F79EFBC}") = "work_01", "work_01\work_01.csproj", "{CED29F82-EC74-4125-AB9F-BE1E5592FCE8}"
EndProject
Global
	GlobalSection(SolutionConfigurationPlatforms) = preSolution
		Debug|Any CPU = Debug|Any CPU
		Release|Any CPU = Release|Any CPU
	EndGlobalSection
	GlobalSection(ProjectConfigurationPlatforms) = postSolution
		{CED29F82-EC74-4125-AB9F-BE1E5592FCE8}.Debug|Any CPU.ActiveCfg = Debug|Any CPU
		{CED29F82-EC74-4125-AB9F-BE1E5592FCE8}.Debug|Any CPU.Build.0 = Debug|Any CPU
		{CED29F82-EC74-4125-AB9F-BE1E5592FCE8}.Release|Any CPU.ActiveCfg = Release|Any CPU
		{CED29F82-EC74-4125-AB9F-BE1E5592FCE8}.Release|Any CPU.Build.0 = Release|Any CPU
	EndGlobalSection
	GlobalSection(SolutionProperties) = preSolution
		HideSolutionNode = FALSE
	EndGlobalSection
	GlobalSection(ExtensibilityGlobals) = postSolution
		SolutionGuid = {7ADF4FD3-BEAD-4DB5-8006-8E96949583B1}
	EndGlobalSection
EndGlobal
